
Microsoft Visual Studio Solution File, Format Version 12.00
# Blend for Visual Studio Version 17
VisualStudioVersion = 17.14.36310.24 d17.14
MinimumVisualStudioVersion = 10.0.40219.1
Project("{FAE04EC0-301F-11D3-BF4B-00C04F79EFBC}") = "WpfApp_4_Calendar", "WpfApp_4_Calendar\WpfApp_4_Calendar.csproj", "{C9F76E98-C71B-43E9-AC29-B9C4F4DAEABD}"
EndProject
Global
	GlobalSection(SolutionConfigurationPlatforms) = preSolution
		Debug|Any CPU = Debug|Any CPU
		Release|Any CPU = Release|Any CPU
	EndGlobalSection
	GlobalSection(ProjectConfigurationPlatforms) = postSolution
		{C9F76E98-C71B-43E9-AC29-B9C4F4DAEABD}.Debug|Any CPU.ActiveCfg = Debug|Any CPU
		{C9F76E98-C71B-43E9-AC29-B9C4F4DAEABD}.Debug|Any CPU.Build.0 = Debug|Any CPU
		{C9F76E98-C71B-43E9-AC29-B9C4F4DAEABD}.Release|Any CPU.ActiveCfg = Release|Any CPU
		{C9F76E98-C71B-43E9-AC29-B9C4F4DAEABD}.Release|Any CPU.Build.0 = Release|Any CPU
	EndGlobalSection
	GlobalSection(SolutionProperties) = preSolution
		HideSolutionNode = FALSE
	EndGlobalSection
	GlobalSection(ExtensibilityGlobals) = postSolution
		SolutionGuid = {1396B6E7-6428-4926-BC86-6BFD24172525}
	EndGlobalSection
EndGlobal
