
Microsoft Visual Studio Solution File, Format Version 12.00
# Visual Studio Version 17
VisualStudioVersion = 17.14.36310.24 d17.14
MinimumVisualStudioVersion = 10.0.40219.1
Project("{FAE04EC0-301F-11D3-BF4B-00C04F79EFBC}") = "WpfApp_13_sqlite", "WpfApp_13_sqlite\WpfApp_13_sqlite.csproj", "{3149A517-A2F4-403E-808B-7C1222818B47}"
EndProject
Global
	GlobalSection(SolutionConfigurationPlatforms) = preSolution
		Debug|Any CPU = Debug|Any CPU
		Release|Any CPU = Release|Any CPU
	EndGlobalSection
	GlobalSection(ProjectConfigurationPlatforms) = postSolution
		{3149A517-A2F4-403E-808B-7C1222818B47}.Debug|Any CPU.ActiveCfg = Debug|Any CPU
		{3149A517-A2F4-403E-808B-7C1222818B47}.Debug|Any CPU.Build.0 = Debug|Any CPU
		{3149A517-A2F4-403E-808B-7C1222818B47}.Release|Any CPU.ActiveCfg = Release|Any CPU
		{3149A517-A2F4-403E-808B-7C1222818B47}.Release|Any CPU.Build.0 = Release|Any CPU
	EndGlobalSection
	GlobalSection(SolutionProperties) = preSolution
		HideSolutionNode = FALSE
	EndGlobalSection
	GlobalSection(ExtensibilityGlobals) = postSolution
		SolutionGuid = {42C5392B-5493-48BA-AB74-348EDF97DB99}
	EndGlobalSection
EndGlobal
