
Microsoft Visual Studio Solution File, Format Version 12.00
# Blend for Visual Studio Version 17
VisualStudioVersion = 17.14.36310.24 d17.14
MinimumVisualStudioVersion = 10.0.40219.1
Project("{FAE04EC0-301F-11D3-BF4B-00C04F79EFBC}") = "WpfApp_12_View_ViewModel", "WpfApp_12_View_ViewModel\WpfApp_12_View_ViewModel.csproj", "{AADD7640-40C9-4D0B-8454-0217CD85C08F}"
EndProject
Global
	GlobalSection(SolutionConfigurationPlatforms) = preSolution
		Debug|Any CPU = Debug|Any CPU
		Release|Any CPU = Release|Any CPU
	EndGlobalSection
	GlobalSection(ProjectConfigurationPlatforms) = postSolution
		{AADD7640-40C9-4D0B-8454-0217CD85C08F}.Debug|Any CPU.ActiveCfg = Debug|Any CPU
		{AADD7640-40C9-4D0B-8454-0217CD85C08F}.Debug|Any CPU.Build.0 = Debug|Any CPU
		{AADD7640-40C9-4D0B-8454-0217CD85C08F}.Release|Any CPU.ActiveCfg = Release|Any CPU
		{AADD7640-40C9-4D0B-8454-0217CD85C08F}.Release|Any CPU.Build.0 = Release|Any CPU
	EndGlobalSection
	GlobalSection(SolutionProperties) = preSolution
		HideSolutionNode = FALSE
	EndGlobalSection
	GlobalSection(ExtensibilityGlobals) = postSolution
		SolutionGuid = {6749233E-B972-46C1-B6A3-C34D1EB23E6F}
	EndGlobalSection
EndGlobal
