
Microsoft Visual Studio Solution File, Format Version 12.00
# Blend for Visual Studio Version 17
VisualStudioVersion = 17.14.36310.24 d17.14
MinimumVisualStudioVersion = 10.0.40219.1
Project("{FAE04EC0-301F-11D3-BF4B-00C04F79EFBC}") = "WpfApp_6_Binding", "WpfApp_6_Binding\WpfApp_6_Binding.csproj", "{384A5C45-D2C6-44E6-A3E3-9DB85F1A1072}"
EndProject
Global
	GlobalSection(SolutionConfigurationPlatforms) = preSolution
		Debug|Any CPU = Debug|Any CPU
		Release|Any CPU = Release|Any CPU
	EndGlobalSection
	GlobalSection(ProjectConfigurationPlatforms) = postSolution
		{384A5C45-D2C6-44E6-A3E3-9DB85F1A1072}.Debug|Any CPU.ActiveCfg = Debug|Any CPU
		{384A5C45-D2C6-44E6-A3E3-9DB85F1A1072}.Debug|Any CPU.Build.0 = Debug|Any CPU
		{384A5C45-D2C6-44E6-A3E3-9DB85F1A1072}.Release|Any CPU.ActiveCfg = Release|Any CPU
		{384A5C45-D2C6-44E6-A3E3-9DB85F1A1072}.Release|Any CPU.Build.0 = Release|Any CPU
	EndGlobalSection
	GlobalSection(SolutionProperties) = preSolution
		HideSolutionNode = FALSE
	EndGlobalSection
	GlobalSection(ExtensibilityGlobals) = postSolution
		SolutionGuid = {AF118840-F41E-4F05-BB08-89A8B7DC451B}
	EndGlobalSection
EndGlobal
